// !$*UTF8*$!
{
	archiveVersion = 1;
	classes = {
	};
	objectVersion = 77;
	objects = {

/* Begin PBXBuildFile section */
		F279D19C2E04262000DBD18D /* Lottie in Frameworks */ = {isa = PBXBuildFile; productRef = F279D19B2E04262000DBD18D /* Lottie */; };
/* End PBXBuildFile section */

/* Begin PBXContainerItemProxy section */
		F279D1782E040BF300DBD18D /* PBXContainerItemProxy */ = {
			isa = PBXContainerItemProxy;
			containerPortal = F279D15B2E040BF200DBD18D /* Project object */;
			proxyType = 1;
			remoteGlobalIDString = F279D1622E040BF200DBD18D;
			remoteInfo = EmoFlow;
		};
		F279D1822E040BF300DBD18D /* PBXContainerItemProxy */ = {
			isa = PBXContainerItemProxy;
			containerPortal = F279D15B2E040BF200DBD18D /* Project object */;
			proxyType = 1;
			remoteGlobalIDString = F279D1622E040BF200DBD18D;
			remoteInfo = EmoFlow;
		};
/* End PBXContainerItemProxy section */

/* Begin PBXFileReference section */
		F279D1632E040BF200DBD18D /* EmoFlow.app */ = {isa = PBXFileReference; explicitFileType = wrapper.application; includeInIndex = 0; path = EmoFlow.app; sourceTree = BUILT_PRODUCTS_DIR; };
		F279D1772E040BF300DBD18D /* EmoFlowTests.xctest */ = {isa = PBXFileReference; explicitFileType = wrapper.cfbundle; includeInIndex = 0; path = EmoFlowTests.xctest; sourceTree = BUILT_PRODUCTS_DIR; };
		F279D1812E040BF300DBD18D /* EmoFlowUITests.xctest */ = {isa = PBXFileReference; explicitFileType = wrapper.cfbundle; includeInIndex = 0; path = EmoFlowUITests.xctest; sourceTree = BUILT_PRODUCTS_DIR; };
/* End PBXFileReference section */

/* Begin PBXFileSystemSynchronizedBuildFileExceptionSet section */
		F279D1892E040BF300DBD18D /* Exceptions for "EmoFlow" folder in "EmoFlow" target */ = {
			isa = PBXFileSystemSynchronizedBuildFileExceptionSet;
			membershipExceptions = (
				Info.plist,
			);
			target = F279D1622E040BF200DBD18D /* EmoFlow */;
		};
/* End PBXFileSystemSynchronizedBuildFileExceptionSet section */

/* Begin PBXFileSystemSynchronizedRootGroup section */
		F279D1652E040BF200DBD18D /* EmoFlow */ = {
			isa = PBXFileSystemSynchronizedRootGroup;
			exceptions = (
				F279D1892E040BF300DBD18D /* Exceptions for "EmoFlow" folder in "EmoFlow" target */,
			);
			path = EmoFlow;
			sourceTree = "<group>";
		};
		F279D17A2E040BF300DBD18D /* EmoFlowTests */ = {
			isa = PBXFileSystemSynchronizedRootGroup;
			path = EmoFlowTests;
			sourceTree = "<group>";
		};
		F279D1842E040BF300DBD18D /* EmoFlowUITests */ = {
			isa = PBXFileSystemSynchronizedRootGroup;
			path = EmoFlowUITests;
			sourceTree = "<group>";
		};
/* End PBXFileSystemSynchronizedRootGroup section */

/* Begin PBXFrameworksBuildPhase section */
		F279D1602E040BF200DBD18D /* Frameworks */ = {
			isa = PBXFrameworksBuildPhase;
			buildActionMask = 2147483647;
			files = (
				F279D19C2E04262000DBD18D /* Lottie in Frameworks */,
			);
			runOnlyForDeploymentPostprocessing = 0;
		};
		F279D1742E040BF300DBD18D /* Frameworks */ = {
			isa = PBXFrameworksBuildPhase;
			buildActionMask = 2147483647;
			files = (
			);
			runOnlyForDeploymentPostprocessing = 0;
		};
		F279D17E2E040BF300DBD18D /* Frameworks */ = {
			isa = PBXFrameworksBuildPhase;
			buildActionMask = 2147483647;
			files = (
			);
			runOnlyForDeploymentPostprocessing = 0;
		};
/* End PBXFrameworksBuildPhase section */

/* Begin PBXGroup section */
		F279D15A2E040BF200DBD18D = {
			isa = PBXGroup;
			children = (
				F279D1652E040BF200DBD18D /* EmoFlow */,
				F279D17A2E040BF300DBD18D /* EmoFlowTests */,
				F279D1842E040BF300DBD18D /* EmoFlowUITests */,
				F279D19A2E04262000DBD18D /* Frameworks */,
				F279D1642E040BF200DBD18D /* Products */,
			);
			sourceTree = "<group>";
		};
		F279D1642E040BF200DBD18D /* Products */ = {
			isa = PBXGroup;
			children = (
				F279D1632E040BF200DBD18D /* EmoFlow.app */,
				F279D1772E040BF300DBD18D /* EmoFlowTests.xctest */,
				F279D1812E040BF300DBD18D /* EmoFlowUITests.xctest */,
			);
			name = Products;
			sourceTree = "<group>";
		};
		F279D19A2E04262000DBD18D /* Frameworks */ = {
			isa = PBXGroup;
			children = (
			);
			name = Frameworks;
			sourceTree = "<group>";
		};
/* End PBXGroup section */

/* Begin PBXNativeTarget section */
		F279D1622E040BF200DBD18D /* EmoFlow */ = {
			isa = PBXNativeTarget;
			buildConfigurationList = F279D18A2E040BF300DBD18D /* Build configuration list for PBXNativeTarget "EmoFlow" */;
			buildPhases = (
				F279D15F2E040BF200DBD18D /* Sources */,
				F279D1602E040BF200DBD18D /* Frameworks */,
				F279D1612E040BF200DBD18D /* Resources */,
			);
			buildRules = (
			);
			dependencies = (
			);
			fileSystemSynchronizedGroups = (
				F279D1652E040BF200DBD18D /* EmoFlow */,
			);
			name = EmoFlow;
			packageProductDependencies = (
				F279D19B2E04262000DBD18D /* Lottie */,
			);
			productName = EmoFlow;
			productReference = F279D1632E040BF200DBD18D /* EmoFlow.app */;
			productType = "com.apple.product-type.application";
		};
		F279D1762E040BF300DBD18D /* EmoFlowTests */ = {
			isa = PBXNativeTarget;
			buildConfigurationList = F279D18F2E040BF300DBD18D /* Build configuration list for PBXNativeTarget "EmoFlowTests" */;
			buildPhases = (
				F279D1732E040BF300DBD18D /* Sources */,
				F279D1742E040BF300DBD18D /* Frameworks */,
				F279D1752E040BF300DBD18D /* Resources */,
			);
			buildRules = (
			);
			dependencies = (
				F279D1792E040BF300DBD18D /* PBXTargetDependency */,
			);
			fileSystemSynchronizedGroups = (
				F279D17A2E040BF300DBD18D /* EmoFlowTests */,
			);
			name = EmoFlowTests;
			packageProductDependencies = (
			);
			productName = EmoFlowTests;
			productReference = F279D1772E040BF300DBD18D /* EmoFlowTests.xctest */;
			productType = "com.apple.product-type.bundle.unit-test";
		};
		F279D1802E040BF300DBD18D /* EmoFlowUITests */ = {
			isa = PBXNativeTarget;
			buildConfigurationList = F279D1922E040BF300DBD18D /* Build configuration list for PBXNativeTarget "EmoFlowUITests" */;
			buildPhases = (
				F279D17D2E040BF300DBD18D /* Sources */,
				F279D17E2E040BF300DBD18D /* Frameworks */,
				F279D17F2E040BF300DBD18D /* Resources */,
			);
			buildRules = (
			);
			dependencies = (
				F279D1832E040BF300DBD18D /* PBXTargetDependency */,
			);
			fileSystemSynchronizedGroups = (
				F279D1842E040BF300DBD18D /* EmoFlowUITests */,
			);
			name = EmoFlowUITests;
			packageProductDependencies = (
			);
			productName = EmoFlowUITests;
			productReference = F279D1812E040BF300DBD18D /* EmoFlowUITests.xctest */;
			productType = "com.apple.product-type.bundle.ui-testing";
		};
/* End PBXNativeTarget section */

/* Begin PBXProject section */
		F279D15B2E040BF200DBD18D /* Project object */ = {
			isa = PBXProject;
			attributes = {
				BuildIndependentTargetsInParallel = 1;
				LastSwiftUpdateCheck = 1640;
				LastUpgradeCheck = 1640;
				TargetAttributes = {
					F279D1622E040BF200DBD18D = {
						CreatedOnToolsVersion = 16.4;
					};
					F279D1762E040BF300DBD18D = {
						CreatedOnToolsVersion = 16.4;
						TestTargetID = F279D1622E040BF200DBD18D;
					};
					F279D1802E040BF300DBD18D = {
						CreatedOnToolsVersion = 16.4;
						TestTargetID = F279D1622E040BF200DBD18D;
					};
				};
			};
			buildConfigurationList = F279D15E2E040BF200DBD18D /* Build configuration list for PBXProject "EmoFlow" */;
			developmentRegion = en;
			hasScannedForEncodings = 0;
			knownRegions = (
				en,
				Base,
			);
			mainGroup = F279D15A2E040BF200DBD18D;
			minimizedProjectReferenceProxies = 1;
			packageReferences = (
				F279D1972E0423CF00DBD18D /* XCRemoteSwiftPackageReference "lottie-ios" */,
			);
			preferredProjectObjectVersion = 77;
			productRefGroup = F279D1642E040BF200DBD18D /* Products */;
			projectDirPath = "";
			projectRoot = "";
			targets = (
				F279D1622E040BF200DBD18D /* EmoFlow */,
				F279D1762E040BF300DBD18D /* EmoFlowTests */,
				F279D1802E040BF300DBD18D /* EmoFlowUITests */,
			);
		};
/* End PBXProject section */

/* Begin PBXResourcesBuildPhase section */
		F279D1612E040BF200DBD18D /* Resources */ = {
			isa = PBXResourcesBuildPhase;
			buildActionMask = 2147483647;
			files = (
			);
			runOnlyForDeploymentPostprocessing = 0;
		};
		F279D1752E040BF300DBD18D /* Resources */ = {
			isa = PBXResourcesBuildPhase;
			buildActionMask = 2147483647;
			files = (
			);
			runOnlyForDeploymentPostprocessing = 0;
		};
		F279D17F2E040BF300DBD18D /* Resources */ = {
			isa = PBXResourcesBuildPhase;
			buildActionMask = 2147483647;
			files = (
			);
			runOnlyForDeploymentPostprocessing = 0;
		};
/* End PBXResourcesBuildPhase section */

/* Begin PBXSourcesBuildPhase section */
		F279D15F2E040BF200DBD18D /* Sources */ = {
			isa = PBXSourcesBuildPhase;
			buildActionMask = 2147483647;
			files = (
			);
			runOnlyForDeploymentPostprocessing = 0;
		};
		F279D1732E040BF300DBD18D /* Sources */ = {
			isa = PBXSourcesBuildPhase;
			buildActionMask = 2147483647;
			files = (
			);
			runOnlyForDeploymentPostprocessing = 0;
		};
		F279D17D2E040BF300DBD18D /* Sources */ = {
			isa = PBXSourcesBuildPhase;
			buildActionMask = 2147483647;
			files = (
			);
			runOnlyForDeploymentPostprocessing = 0;
		};
/* End PBXSourcesBuildPhase section */

/* Begin PBXTargetDependency section */
		F279D1792E040BF300DBD18D /* PBXTargetDependency */ = {
			isa = PBXTargetDependency;
			target = F279D1622E040BF200DBD18D /* EmoFlow */;
			targetProxy = F279D1782E040BF300DBD18D /* PBXContainerItemProxy */;
		};
		F279D1832E040BF300DBD18D /* PBXTargetDependency */ = {
			isa = PBXTargetDependency;
			target = F279D1622E040BF200DBD18D /* EmoFlow */;
			targetProxy = F279D1822E040BF300DBD18D /* PBXContainerItemProxy */;
		};
/* End PBXTargetDependency section */

/* Begin XCBuildConfiguration section */
		F279D18B2E040BF300DBD18D /* Debug */ = {
			isa = XCBuildConfiguration;
			buildSettings = {
				ASSETCATALOG_COMPILER_APPICON_NAME = AppIcon;
				ASSETCATALOG_COMPILER_GLOBAL_ACCENT_COLOR_NAME = AccentColor;
				CODE_SIGN_ENTITLEMENTS = EmoFlow/EmoFlow.entitlements;
				CODE_SIGN_STYLE = Automatic;
				CURRENT_PROJECT_VERSION = 1;
				DEVELOPMENT_TEAM = SMR57WWVHY;
				ENABLE_PREVIEWS = YES;
				GENERATE_INFOPLIST_FILE = YES;
				INFOPLIST_FILE = EmoFlow/Info.plist;
				INFOPLIST_KEY_UIApplicationSceneManifest_Generation = YES;
				INFOPLIST_KEY_UIApplicationSupportsIndirectInputEvents = YES;
				INFOPLIST_KEY_UILaunchScreen_Generation = YES;
				INFOPLIST_KEY_UISupportedInterfaceOrientations_iPad = "UIInterfaceOrientationPortrait UIInterfaceOrientationPortraitUpsideDown UIInterfaceOrientationLandscapeLeft UIInterfaceOrientationLandscapeRight";
				INFOPLIST_KEY_UISupportedInterfaceOrientations_iPhone = "UIInterfaceOrientationPortrait UIInterfaceOrientationLandscapeLeft UIInterfaceOrientationLandscapeRight";
				LD_RUNPATH_SEARCH_PATHS = (
					"$(inherited)",
					"@executable_path/Frameworks",
				);
				MARKETING_VERSION = 1.0;
				PRODUCT_BUNDLE_IDENTIFIER = "Nick-Studio.EmoFlow";
				PRODUCT_NAME = "$(TARGET_NAME)";
				SWIFT_EMIT_LOC_STRINGS = YES;
				SWIFT_VERSION = 5.0;
				TARGETED_DEVICE_FAMILY = "1,2";
			};
			name = Debug;
		};
		F279D18C2E040BF300DBD18D /* Release */ = {
			isa = XCBuildConfiguration;
			buildSettings = {
				ASSETCATALOG_COMPILER_APPICON_NAME = AppIcon;
				ASSETCATALOG_COMPILER_GLOBAL_ACCENT_COLOR_NAME = AccentColor;
				CODE_SIGN_ENTITLEMENTS = EmoFlow/EmoFlow.entitlements;
				CODE_SIGN_STYLE = Automatic;
				CURRENT_PROJECT_VERSION = 1;
				DEVELOPMENT_TEAM = SMR57WWVHY;
				ENABLE_PREVIEWS = YES;
				GENERATE_INFOPLIST_FILE = YES;
				INFOPLIST_FILE = EmoFlow/Info.plist;
				INFOPLIST_KEY_UIApplicationSceneManifest_Generation = YES;
				INFOPLIST_KEY_UIApplicationSupportsIndirectInputEvents = YES;
				INFOPLIST_KEY_UILaunchScreen_Generation = YES;
				INFOPLIST_KEY_UISupportedInterfaceOrientations_iPad = "UIInterfaceOrientationPortrait UIInterfaceOrientationPortraitUpsideDown UIInterfaceOrientationLandscapeLeft UIInterfaceOrientationLandscapeRight";
				INFOPLIST_KEY_UISupportedInterfaceOrientations_iPhone = "UIInterfaceOrientationPortrait UIInterfaceOrientationLandscapeLeft UIInterfaceOrientationLandscapeRight";
				LD_RUNPATH_SEARCH_PATHS = (
					"$(inherited)",
					"@executable_path/Frameworks",
				);
				MARKETING_VERSION = 1.0;
				PRODUCT_BUNDLE_IDENTIFIER = "Nick-Studio.EmoFlow";
				PRODUCT_NAME = "$(TARGET_NAME)";
				SWIFT_EMIT_LOC_STRINGS = YES;
				SWIFT_VERSION = 5.0;
				TARGETED_DEVICE_FAMILY = "1,2";
			};
			name = Release;
		};
		F279D18D2E040BF300DBD18D /* Debug */ = {
			isa = XCBuildConfiguration;
			buildSettings = {
				ALWAYS_SEARCH_USER_PATHS = NO;
				ASSETCATALOG_COMPILER_GENERATE_SWIFT_ASSET_SYMBOL_EXTENSIONS = YES;
				CLANG_ANALYZER_NONNULL = YES;
				CLANG_ANALYZER_NUMBER_OBJECT_CONVERSION = YES_AGGRESSIVE;
				CLANG_CXX_LANGUAGE_STANDARD = "gnu++20";
				CLANG_ENABLE_MODULES = YES;
				CLANG_ENABLE_OBJC_ARC = YES;
				CLANG_ENABLE_OBJC_WEAK = YES;
				CLANG_WARN_BLOCK_CAPTURE_AUTORELEASING = YES;
				CLANG_WARN_BOOL_CONVERSION = YES;
				CLANG_WARN_COMMA = YES;
				CLANG_WARN_CONSTANT_CONVERSION = YES;
				CLANG_WARN_DEPRECATED_OBJC_IMPLEMENTATIONS = YES;
				CLANG_WARN_DIRECT_OBJC_ISA_USAGE = YES_ERROR;
				CLANG_WARN_DOCUMENTATION_COMMENTS = YES;
				CLANG_WARN_EMPTY_BODY = YES;
				CLANG_WARN_ENUM_CONVERSION = YES;
				CLANG_WARN_INFINITE_RECURSION = YES;
				CLANG_WARN_INT_CONVERSION = YES;
				CLANG_WARN_NON_LITERAL_NULL_CONVERSION = YES;
				CLANG_WARN_OBJC_IMPLICIT_RETAIN_SELF = YES;
				CLANG_WARN_OBJC_LITERAL_CONVERSION = YES;
				CLANG_WARN_OBJC_ROOT_CLASS = YES_ERROR;
				CLANG_WARN_QUOTED_INCLUDE_IN_FRAMEWORK_HEADER = YES;
				CLANG_WARN_RANGE_LOOP_ANALYSIS = YES;
				CLANG_WARN_STRICT_PROTOTYPES = YES;
				CLANG_WARN_SUSPICIOUS_MOVE = YES;
				CLANG_WARN_UNGUARDED_AVAILABILITY = YES_AGGRESSIVE;
				CLANG_WARN_UNREACHABLE_CODE = YES;
				CLANG_WARN__DUPLICATE_METHOD_MATCH = YES;
				COPY_PHASE_STRIP = NO;
				DEBUG_INFORMATION_FORMAT = dwarf;
				DEVELOPMENT_TEAM = SMR57WWVHY;
				ENABLE_STRICT_OBJC_MSGSEND = YES;
				ENABLE_TESTABILITY = YES;
				ENABLE_USER_SCRIPT_SANDBOXING = YES;
				GCC_C_LANGUAGE_STANDARD = gnu17;
				GCC_DYNAMIC_NO_PIC = NO;
				GCC_NO_COMMON_BLOCKS = YES;
				GCC_OPTIMIZATION_LEVEL = 0;
				GCC_PREPROCESSOR_DEFINITIONS = (
					"DEBUG=1",
					"$(inherited)",
				);
				GCC_WARN_64_TO_32_BIT_CONVERSION = YES;
				GCC_WARN_ABOUT_RETURN_TYPE = YES_ERROR;
				GCC_WARN_UNDECLARED_SELECTOR = YES;
				GCC_WARN_UNINITIALIZED_AUTOS = YES_AGGRESSIVE;
				GCC_WARN_UNUSED_FUNCTION = YES;
				GCC_WARN_UNUSED_VARIABLE = YES;
				IPHONEOS_DEPLOYMENT_TARGET = 18.5;
				LOCALIZATION_PREFERS_STRING_CATALOGS = YES;
				MTL_ENABLE_DEBUG_INFO = INCLUDE_SOURCE;
				MTL_FAST_MATH = YES;
				ONLY_ACTIVE_ARCH = YES;
				SDKROOT = iphoneos;
				SWIFT_ACTIVE_COMPILATION_CONDITIONS = "DEBUG $(inherited)";
				SWIFT_OPTIMIZATION_LEVEL = "-Onone";
			};
			name = Debug;
		};
		F279D18E2E040BF300DBD18D /* Release */ = {
			isa = XCBuildConfiguration;
			buildSettings = {
				ALWAYS_SEARCH_USER_PATHS = NO;
				ASSETCATALOG_COMPILER_GENERATE_SWIFT_ASSET_SYMBOL_EXTENSIONS = YES;
				CLANG_ANALYZER_NONNULL = YES;
				CLANG_ANALYZER_NUMBER_OBJECT_CONVERSION = YES_AGGRESSIVE;
				CLANG_CXX_LANGUAGE_STANDARD = "gnu++20";
				CLANG_ENABLE_MODULES = YES;
				CLANG_ENABLE_OBJC_ARC = YES;
				CLANG_ENABLE_OBJC_WEAK = YES;
				CLANG_WARN_BLOCK_CAPTURE_AUTORELEASING = YES;
				CLANG_WARN_BOOL_CONVERSION = YES;
				CLANG_WARN_COMMA = YES;
				CLANG_WARN_CONSTANT_CONVERSION = YES;
				CLANG_WARN_DEPRECATED_OBJC_IMPLEMENTATIONS = YES;
				CLANG_WARN_DIRECT_OBJC_ISA_USAGE = YES_ERROR;
				CLANG_WARN_DOCUMENTATION_COMMENTS = YES;
				CLANG_WARN_EMPTY_BODY = YES;
				CLANG_WARN_ENUM_CONVERSION = YES;
				CLANG_WARN_INFINITE_RECURSION = YES;
				CLANG_WARN_INT_CONVERSION = YES;
				CLANG_WARN_NON_LITERAL_NULL_CONVERSION = YES;
				CLANG_WARN_OBJC_IMPLICIT_RETAIN_SELF = YES;
				CLANG_WARN_OBJC_LITERAL_CONVERSION = YES;
				CLANG_WARN_OBJC_ROOT_CLASS = YES_ERROR;
				CLANG_WARN_QUOTED_INCLUDE_IN_FRAMEWORK_HEADER = YES;
				CLANG_WARN_RANGE_LOOP_ANALYSIS = YES;
				CLANG_WARN_STRICT_PROTOTYPES = YES;
				CLANG_WARN_SUSPICIOUS_MOVE = YES;
				CLANG_WARN_UNGUARDED_AVAILABILITY = YES_AGGRESSIVE;
				CLANG_WARN_UNREACHABLE_CODE = YES;
				CLANG_WARN__DUPLICATE_METHOD_MATCH = YES;
				COPY_PHASE_STRIP = NO;
				DEBUG_INFORMATION_FORMAT = "dwarf-with-dsym";
				DEVELOPMENT_TEAM = SMR57WWVHY;
				ENABLE_NS_ASSERTIONS = NO;
				ENABLE_STRICT_OBJC_MSGSEND = YES;
				ENABLE_USER_SCRIPT_SANDBOXING = YES;
				GCC_C_LANGUAGE_STANDARD = gnu17;
				GCC_NO_COMMON_BLOCKS = YES;
				GCC_WARN_64_TO_32_BIT_CONVERSION = YES;
				GCC_WARN_ABOUT_RETURN_TYPE = YES_ERROR;
				GCC_WARN_UNDECLARED_SELECTOR = YES;
				GCC_WARN_UNINITIALIZED_AUTOS = YES_AGGRESSIVE;
				GCC_WARN_UNUSED_FUNCTION = YES;
				GCC_WARN_UNUSED_VARIABLE = YES;
				IPHONEOS_DEPLOYMENT_TARGET = 18.5;
				LOCALIZATION_PREFERS_STRING_CATALOGS = YES;
				MTL_ENABLE_DEBUG_INFO = NO;
				MTL_FAST_MATH = YES;
				SDKROOT = iphoneos;
				SWIFT_COMPILATION_MODE = wholemodule;
				VALIDATE_PRODUCT = YES;
			};
			name = Release;
		};
		F279D1902E040BF300DBD18D /* Debug */ = {
			isa = XCBuildConfiguration;
			buildSettings = {
				BUNDLE_LOADER = "$(TEST_HOST)";
				CODE_SIGN_STYLE = Automatic;
				CURRENT_PROJECT_VERSION = 1;
				DEVELOPMENT_TEAM = SMR57WWVHY;
				GENERATE_INFOPLIST_FILE = YES;
				IPHONEOS_DEPLOYMENT_TARGET = 18.5;
				MARKETING_VERSION = 1.0;
				PRODUCT_BUNDLE_IDENTIFIER = "Nick-Studio.EmoFlowTests";
				PRODUCT_NAME = "$(TARGET_NAME)";
				SWIFT_EMIT_LOC_STRINGS = NO;
				SWIFT_VERSION = 5.0;
				TARGETED_DEVICE_FAMILY = "1,2";
				TEST_HOST = "$(BUILT_PRODUCTS_DIR)/EmoFlow.app/$(BUNDLE_EXECUTABLE_FOLDER_PATH)/EmoFlow";
			};
			name = Debug;
		};
		F279D1912E040BF300DBD18D /* Release */ = {
			isa = XCBuildConfiguration;
			buildSettings = {
				BUNDLE_LOADER = "$(TEST_HOST)";
				CODE_SIGN_STYLE = Automatic;
				CURRENT_PROJECT_VERSION = 1;
				DEVELOPMENT_TEAM = SMR57WWVHY;
				GENERATE_INFOPLIST_FILE = YES;
				IPHONEOS_DEPLOYMENT_TARGET = 18.5;
				MARKETING_VERSION = 1.0;
				PRODUCT_BUNDLE_IDENTIFIER = "Nick-Studio.EmoFlowTests";
				PRODUCT_NAME = "$(TARGET_NAME)";
				SWIFT_EMIT_LOC_STRINGS = NO;
				SWIFT_VERSION = 5.0;
				TARGETED_DEVICE_FAMILY = "1,2";
				TEST_HOST = "$(BUILT_PRODUCTS_DIR)/EmoFlow.app/$(BUNDLE_EXECUTABLE_FOLDER_PATH)/EmoFlow";
			};
			name = Release;
		};
		F279D1932E040BF300DBD18D /* Debug */ = {
			isa = XCBuildConfiguration;
			buildSettings = {
				CODE_SIGN_STYLE = Automatic;
				CURRENT_PROJECT_VERSION = 1;
				DEVELOPMENT_TEAM = SMR57WWVHY;
				GENERATE_INFOPLIST_FILE = YES;
				MARKETING_VERSION = 1.0;
				PRODUCT_BUNDLE_IDENTIFIER = "Nick-Studio.EmoFlowUITests";
				PRODUCT_NAME = "$(TARGET_NAME)";
				SWIFT_EMIT_LOC_STRINGS = NO;
				SWIFT_VERSION = 5.0;
				TARGETED_DEVICE_FAMILY = "1,2";
				TEST_TARGET_NAME = EmoFlow;
			};
			name = Debug;
		};
		F279D1942E040BF300DBD18D /* Release */ = {
			isa = XCBuildConfiguration;
			buildSettings = {
				CODE_SIGN_STYLE = Automatic;
				CURRENT_PROJECT_VERSION = 1;
				DEVELOPMENT_TEAM = SMR57WWVHY;
				GENERATE_INFOPLIST_FILE = YES;
				MARKETING_VERSION = 1.0;
				PRODUCT_BUNDLE_IDENTIFIER = "Nick-Studio.EmoFlowUITests";
				PRODUCT_NAME = "$(TARGET_NAME)";
				SWIFT_EMIT_LOC_STRINGS = NO;
				SWIFT_VERSION = 5.0;
				TARGETED_DEVICE_FAMILY = "1,2";
				TEST_TARGET_NAME = EmoFlow;
			};
			name = Release;
		};
/* End XCBuildConfiguration section */

/* Begin XCConfigurationList section */
		F279D15E2E040BF200DBD18D /* Build configuration list for PBXProject "EmoFlow" */ = {
			isa = XCConfigurationList;
			buildConfigurations = (
				F279D18D2E040BF300DBD18D /* Debug */,
				F279D18E2E040BF300DBD18D /* Release */,
			);
			defaultConfigurationIsVisible = 0;
			defaultConfigurationName = Release;
		};
		F279D18A2E040BF300DBD18D /* Build configuration list for PBXNativeTarget "EmoFlow" */ = {
			isa = XCConfigurationList;
			buildConfigurations = (
				F279D18B2E040BF300DBD18D /* Debug */,
				F279D18C2E040BF300DBD18D /* Release */,
			);
			defaultConfigurationIsVisible = 0;
			defaultConfigurationName = Release;
		};
		F279D18F2E040BF300DBD18D /* Build configuration list for PBXNativeTarget "EmoFlowTests" */ = {
			isa = XCConfigurationList;
			buildConfigurations = (
				F279D1902E040BF300DBD18D /* Debug */,
				F279D1912E040BF300DBD18D /* Release */,
			);
			defaultConfigurationIsVisible = 0;
			defaultConfigurationName = Release;
		};
		F279D1922E040BF300DBD18D /* Build configuration list for PBXNativeTarget "EmoFlowUITests" */ = {
			isa = XCConfigurationList;
			buildConfigurations = (
				F279D1932E040BF300DBD18D /* Debug */,
				F279D1942E040BF300DBD18D /* Release */,
			);
			defaultConfigurationIsVisible = 0;
			defaultConfigurationName = Release;
		};
/* End XCConfigurationList section */

/* Begin XCRemoteSwiftPackageReference section */
		F279D1972E0423CF00DBD18D /* XCRemoteSwiftPackageReference "lottie-ios" */ = {
			isa = XCRemoteSwiftPackageReference;
			repositoryURL = "https://github.com/airbnb/lottie-ios.git";
			requirement = {
				kind = upToNextMajorVersion;
				minimumVersion = 4.5.2;
			};
		};
/* End XCRemoteSwiftPackageReference section */

/* Begin XCSwiftPackageProductDependency section */
		F279D19B2E04262000DBD18D /* Lottie */ = {
			isa = XCSwiftPackageProductDependency;
			package = F279D1972E0423CF00DBD18D /* XCRemoteSwiftPackageReference "lottie-ios" */;
			productName = Lottie;
		};
/* End XCSwiftPackageProductDependency section */
	};
	rootObject = F279D15B2E040BF200DBD18D /* Project object */;
}
